
Microsoft Visual Studio Solution File, Format Version 12.00
# Visual Studio Version 17
VisualStudioVersion = 17.11.35312.102
MinimumVisualStudioVersion = 10.0.40219.1
Project("{9A19103F-16F7-4668-BE54-9A1E7A4F7556}") = "Account-Service", "Account_Service\Account-Service.csproj", "{EC36136B-5A60-4F94-BEE5-A3F07279FEAD}"
EndProject
Project("{9A19103F-16F7-4668-BE54-9A1E7A4F7556}") = "RentService", "RentService\RentService.csproj", "{F2F70D2F-F768-41D7-B426-8D715465F9D4}"
EndProject
Project("{9A19103F-16F7-4668-BE54-9A1E7A4F7556}") = "Product_Services", "Product_Services\Product_Services.csproj", "{90C87529-B68C-4D93-8B80-94D36DF08328}"
EndProject
Project("{9A19103F-16F7-4668-BE54-9A1E7A4F7556}") = "Farm-Easy-Crop-Service", "Farm-Easy-Crops-Service\Farm-Easy-Crop-Service.csproj", "{879C1128-F273-40F7-95FE-236CE3A36C6B}"
EndProject
Project("{9A19103F-16F7-4668-BE54-9A1E7A4F7556}") = "Cloud-Services", "Cloud-Services\Cloud-Services.csproj", "{D04162EC-91A7-4B84-B4DC-1552A120AA0F}"
EndProject
Project("{9A19103F-16F7-4668-BE54-9A1E7A4F7556}") = "JWTAuthentication", "JWTAuthentication\JWTAuthentication.csproj", "{D16FE900-B94A-446F-A106-8F9D8F7D736F}"
EndProject
Project("{9A19103F-16F7-4668-BE54-9A1E7A4F7556}") = "Awareness-Feedback-Notification", "Awareness-Feedback-Notification\Awareness-Feedback-Notification.csproj", "{87AD6005-C56D-4400-9377-ED849298A28B}"
EndProject
Project("{9A19103F-16F7-4668-BE54-9A1E7A4F7556}") = "Farm-API-Gateway", "Farm-API-Gateway\Farm-API-Gateway.csproj", "{0FD58712-FD17-4074-B49E-6C8B7375EE5F}"
EndProject
Project("{9A19103F-16F7-4668-BE54-9A1E7A4F7556}") = "Loan-and-Insurance-Service", "Loan-and-Insurance-Service\Loan-and-Insurance-Service.csproj", "{89A43279-00DD-4027-B9D3-9A890A0EC5F6}"
EndProject
Global
	GlobalSection(SolutionConfigurationPlatforms) = preSolution
		Debug|Any CPU = Debug|Any CPU
		Release|Any CPU = Release|Any CPU
	EndGlobalSection
	GlobalSection(ProjectConfigurationPlatforms) = postSolution
		{EC36136B-5A60-4F94-BEE5-A3F07279FEAD}.Debug|Any CPU.ActiveCfg = Debug|Any CPU
		{EC36136B-5A60-4F94-BEE5-A3F07279FEAD}.Debug|Any CPU.Build.0 = Debug|Any CPU
		{EC36136B-5A60-4F94-BEE5-A3F07279FEAD}.Release|Any CPU.ActiveCfg = Release|Any CPU
		{EC36136B-5A60-4F94-BEE5-A3F07279FEAD}.Release|Any CPU.Build.0 = Release|Any CPU
		{F2F70D2F-F768-41D7-B426-8D715465F9D4}.Debug|Any CPU.ActiveCfg = Debug|Any CPU
		{F2F70D2F-F768-41D7-B426-8D715465F9D4}.Debug|Any CPU.Build.0 = Debug|Any CPU
		{F2F70D2F-F768-41D7-B426-8D715465F9D4}.Release|Any CPU.ActiveCfg = Release|Any CPU
		{F2F70D2F-F768-41D7-B426-8D715465F9D4}.Release|Any CPU.Build.0 = Release|Any CPU
		{90C87529-B68C-4D93-8B80-94D36DF08328}.Debug|Any CPU.ActiveCfg = Debug|Any CPU
		{90C87529-B68C-4D93-8B80-94D36DF08328}.Debug|Any CPU.Build.0 = Debug|Any CPU
		{90C87529-B68C-4D93-8B80-94D36DF08328}.Release|Any CPU.ActiveCfg = Release|Any CPU
		{90C87529-B68C-4D93-8B80-94D36DF08328}.Release|Any CPU.Build.0 = Release|Any CPU
		{879C1128-F273-40F7-95FE-236CE3A36C6B}.Debug|Any CPU.ActiveCfg = Debug|Any CPU
		{879C1128-F273-40F7-95FE-236CE3A36C6B}.Debug|Any CPU.Build.0 = Debug|Any CPU
		{879C1128-F273-40F7-95FE-236CE3A36C6B}.Release|Any CPU.ActiveCfg = Release|Any CPU
		{879C1128-F273-40F7-95FE-236CE3A36C6B}.Release|Any CPU.Build.0 = Release|Any CPU
		{D04162EC-91A7-4B84-B4DC-1552A120AA0F}.Debug|Any CPU.ActiveCfg = Debug|Any CPU
		{D04162EC-91A7-4B84-B4DC-1552A120AA0F}.Debug|Any CPU.Build.0 = Debug|Any CPU
		{D04162EC-91A7-4B84-B4DC-1552A120AA0F}.Release|Any CPU.ActiveCfg = Release|Any CPU
		{D04162EC-91A7-4B84-B4DC-1552A120AA0F}.Release|Any CPU.Build.0 = Release|Any CPU
		{D16FE900-B94A-446F-A106-8F9D8F7D736F}.Debug|Any CPU.ActiveCfg = Debug|Any CPU
		{D16FE900-B94A-446F-A106-8F9D8F7D736F}.Debug|Any CPU.Build.0 = Debug|Any CPU
		{D16FE900-B94A-446F-A106-8F9D8F7D736F}.Release|Any CPU.ActiveCfg = Release|Any CPU
		{D16FE900-B94A-446F-A106-8F9D8F7D736F}.Release|Any CPU.Build.0 = Release|Any CPU
		{87AD6005-C56D-4400-9377-ED849298A28B}.Debug|Any CPU.ActiveCfg = Debug|Any CPU
		{87AD6005-C56D-4400-9377-ED849298A28B}.Debug|Any CPU.Build.0 = Debug|Any CPU
		{87AD6005-C56D-4400-9377-ED849298A28B}.Release|Any CPU.ActiveCfg = Release|Any CPU
		{87AD6005-C56D-4400-9377-ED849298A28B}.Release|Any CPU.Build.0 = Release|Any CPU
		{0FD58712-FD17-4074-B49E-6C8B7375EE5F}.Debug|Any CPU.ActiveCfg = Debug|Any CPU
		{0FD58712-FD17-4074-B49E-6C8B7375EE5F}.Debug|Any CPU.Build.0 = Debug|Any CPU
		{0FD58712-FD17-4074-B49E-6C8B7375EE5F}.Release|Any CPU.ActiveCfg = Release|Any CPU
		{0FD58712-FD17-4074-B49E-6C8B7375EE5F}.Release|Any CPU.Build.0 = Release|Any CPU
		{89A43279-00DD-4027-B9D3-9A890A0EC5F6}.Debug|Any CPU.ActiveCfg = Debug|Any CPU
		{89A43279-00DD-4027-B9D3-9A890A0EC5F6}.Debug|Any CPU.Build.0 = Debug|Any CPU
		{89A43279-00DD-4027-B9D3-9A890A0EC5F6}.Release|Any CPU.ActiveCfg = Release|Any CPU
		{89A43279-00DD-4027-B9D3-9A890A0EC5F6}.Release|Any CPU.Build.0 = Release|Any CPU
	EndGlobalSection
	GlobalSection(SolutionProperties) = preSolution
		HideSolutionNode = FALSE
	EndGlobalSection
	GlobalSection(ExtensibilityGlobals) = postSolution
		SolutionGuid = {4ED8A922-F013-4591-9BB8-8C1C789DB414}
	EndGlobalSection
EndGlobal
